[[dependencies]]
name = "@chainlink-contracts"
version = "v1.12.0"
git = "https://github.com/smartcontractkit/chainlink.git"
rev = "b57617ed2249ac711db75e5bef5a0a78bf10b2aa"

[[dependencies]]
name = "@openzeppelin-contracts"
version = "5.2.0"
url = "https://soldeer-revisions.s3.amazonaws.com/@openzeppelin-contracts/5_2_0_11-01-2025_09:30:20_contracts.zip"
checksum = "6dbd0440446b2ed16ca25e9f1af08fc0c5c1e73e71fee86ae8a00daa774e3817"
integrity = "4cb7f3777f67fdf4b7d0e2f94d2f93f198b2e5dce718b7062ac7c2c83e1183bd"

[[dependencies]]
name = "@openzeppelin-contracts-upgradeable"
version = "5.2.0"
url = "https://soldeer-revisions.s3.amazonaws.com/@openzeppelin-contracts-upgradeable/5_2_0_11-01-2025_09:30:25_contracts-upgradeable.zip"
checksum = "25d9cf22b6f4d8da7975f24234eefbf6c71348464ea74c8fdd481be3811767f5"
integrity = "498747bedc3f757976da0b6125d26a63e79bb2b4dbabd8ecd2547e809a2fa27e"

[[dependencies]]
name = "@uniswap-v3-core"
version = "1.0.2-solc-0.8-simulate"
url = "https://soldeer-revisions.s3.amazonaws.com/@uniswap-v3-core/1_0_2-solc-0_8-simulate_22-01-2024_13:19:54_v3-core.zip"
checksum = "68949c67a4f22044e4c8dc716362b6d79b07e8990e720bec9b116f54b233ef57"
integrity = "697a089ffe197580b6cfe07f0c4dd8a35da0836fd1d9e522f73efda4b7314e01"

[[dependencies]]
name = "@uniswap-v3-periphery"
version = "1.4.4"
url = "https://soldeer-revisions.s3.amazonaws.com/@uniswap-v3-periphery/1_4_4_22-01-2024_13:20:51_v3-periphery.zip"
checksum = "f1ce151585a084bb3ec6fb9cbce4520924d41398c3ce8979169de6f7f70d6a81"
integrity = "e101a06117b3274cd21a3032fa9a55446e842dc0e0e1b0b25008e094a446c453"

[[dependencies]]
name = "forge-std"
version = "1.9.6"
url = "https://soldeer-revisions.s3.amazonaws.com/forge-std/1_9_6_01-02-2025_20:49:10_forge-std-1.9.zip"
checksum = "55f341818321b3f925161a72fd0dcd62e4a0a4b66785a7a932bf2bfaf96fb9d1"
integrity = "e9ecdc364d152157431e5df5aa041ffddbe9bb1c1ad81634b1e72df9e23814e8"

[[dependencies]]
name = "metamorpho"
version = "1.0.0"
git = "https://github.com/morpho-org/metamorpho.git"
rev = "00da9ad27da8051bce663eeac02f3b9c0c0aa8d8"

[[dependencies]]
name = "pendle-core-v2"
version = "1.0.0"
git = "https://github.com/pendle-finance/pendle-core-v2-public.git"
rev = "d3dafee28062c7ee14bc2471fa0d6b4a4bc2569f"
